// !$*UTF8*$!
{
	archiveVersion = 1;
	classes = {
	};
	objectVersion = 56;
	objects = {

/* Begin PBXBuildFile section */
		E9A5392329F16C51001E3E39 /* AppDelegate.swift in Sources */ = {isa = PBXBuildFile; fileRef = E9A5392229F16C51001E3E39 /* AppDelegate.swift */; };
		E9A5392529F16C51001E3E39 /* ViewController.swift in Sources */ = {isa = PBXBuildFile; fileRef = E9A5392429F16C51001E3E39 /* ViewController.swift */; };
		E9A5392729F16C51001E3E39 /* Document.swift in Sources */ = {isa = PBXBuildFile; fileRef = E9A5392629F16C51001E3E39 /* Document.swift */; };
		E9A5392929F16C52001E3E39 /* Assets.xcassets in Resources */ = {isa = PBXBuildFile; fileRef = E9A5392829F16C52001E3E39 /* Assets.xcassets */; };
		E9A5392C29F16C52001E3E39 /* Main.storyboard in Resources */ = {isa = PBXBuildFile; fileRef = E9A5392A29F16C52001E3E39 /* Main.storyboard */; };
		E9A5393829F16C52001E3E39 /* RasterizerSwiftTests.swift in Sources */ = {isa = PBXBuildFile; fileRef = E9A5393729F16C52001E3E39 /* RasterizerSwiftTests.swift */; };
		E9A5394229F16C52001E3E39 /* RasterizerSwiftUITests.swift in Sources */ = {isa = PBXBuildFile; fileRef = E9A5394129F16C52001E3E39 /* RasterizerSwiftUITests.swift */; };
		E9A5394429F16C52001E3E39 /* RasterizerSwiftUITestsLaunchTests.swift in Sources */ = {isa = PBXBuildFile; fileRef = E9A5394329F16C52001E3E39 /* RasterizerSwiftUITestsLaunchTests.swift */; };
		E9A5395329F16D8C001E3E39 /* View.swift in Sources */ = {isa = PBXBuildFile; fileRef = E9A5395229F16D8C001E3E39 /* View.swift */; };
		E9A5395529F1720B001E3E39 /* Rasterizer.swift in Sources */ = {isa = PBXBuildFile; fileRef = E9A5395429F1720B001E3E39 /* Rasterizer.swift */; };
/* End PBXBuildFile section */

/* Begin PBXContainerItemProxy section */
		E9A5393429F16C52001E3E39 /* PBXContainerItemProxy */ = {
			isa = PBXContainerItemProxy;
			containerPortal = E9A5391729F16C51001E3E39 /* Project object */;
			proxyType = 1;
			remoteGlobalIDString = E9A5391E29F16C51001E3E39;
			remoteInfo = RasterizerSwift;
		};
		E9A5393E29F16C52001E3E39 /* PBXContainerItemProxy */ = {
			isa = PBXContainerItemProxy;
			containerPortal = E9A5391729F16C51001E3E39 /* Project object */;
			proxyType = 1;
			remoteGlobalIDString = E9A5391E29F16C51001E3E39;
			remoteInfo = RasterizerSwift;
		};
/* End PBXContainerItemProxy section */

/* Begin PBXFileReference section */
		E9A5391F29F16C51001E3E39 /* RasterizerSwift.app */ = {isa = PBXFileReference; explicitFileType = wrapper.application; includeInIndex = 0; path = RasterizerSwift.app; sourceTree = BUILT_PRODUCTS_DIR; };
		E9A5392229F16C51001E3E39 /* AppDelegate.swift */ = {isa = PBXFileReference; lastKnownFileType = sourcecode.swift; path = AppDelegate.swift; sourceTree = "<group>"; };
		E9A5392429F16C51001E3E39 /* ViewController.swift */ = {isa = PBXFileReference; lastKnownFileType = sourcecode.swift; path = ViewController.swift; sourceTree = "<group>"; };
		E9A5392629F16C51001E3E39 /* Document.swift */ = {isa = PBXFileReference; lastKnownFileType = sourcecode.swift; path = Document.swift; sourceTree = "<group>"; };
		E9A5392829F16C52001E3E39 /* Assets.xcassets */ = {isa = PBXFileReference; lastKnownFileType = folder.assetcatalog; path = Assets.xcassets; sourceTree = "<group>"; };
		E9A5392B29F16C52001E3E39 /* Base */ = {isa = PBXFileReference; lastKnownFileType = file.storyboard; name = Base; path = Base.lproj/Main.storyboard; sourceTree = "<group>"; };
		E9A5392D29F16C52001E3E39 /* Info.plist */ = {isa = PBXFileReference; lastKnownFileType = text.plist.xml; path = Info.plist; sourceTree = "<group>"; };
		E9A5392E29F16C52001E3E39 /* RasterizerSwift.entitlements */ = {isa = PBXFileReference; lastKnownFileType = text.plist.entitlements; path = RasterizerSwift.entitlements; sourceTree = "<group>"; };
		E9A5393329F16C52001E3E39 /* RasterizerSwiftTests.xctest */ = {isa = PBXFileReference; explicitFileType = wrapper.cfbundle; includeInIndex = 0; path = RasterizerSwiftTests.xctest; sourceTree = BUILT_PRODUCTS_DIR; };
		E9A5393729F16C52001E3E39 /* RasterizerSwiftTests.swift */ = {isa = PBXFileReference; lastKnownFileType = sourcecode.swift; path = RasterizerSwiftTests.swift; sourceTree = "<group>"; };
		E9A5393D29F16C52001E3E39 /* RasterizerSwiftUITests.xctest */ = {isa = PBXFileReference; explicitFileType = wrapper.cfbundle; includeInIndex = 0; path = RasterizerSwiftUITests.xctest; sourceTree = BUILT_PRODUCTS_DIR; };
		E9A5394129F16C52001E3E39 /* RasterizerSwiftUITests.swift */ = {isa = PBXFileReference; lastKnownFileType = sourcecode.swift; path = RasterizerSwiftUITests.swift; sourceTree = "<group>"; };
		E9A5394329F16C52001E3E39 /* RasterizerSwiftUITestsLaunchTests.swift */ = {isa = PBXFileReference; lastKnownFileType = sourcecode.swift; path = RasterizerSwiftUITestsLaunchTests.swift; sourceTree = "<group>"; };
		E9A5395229F16D8C001E3E39 /* View.swift */ = {isa = PBXFileReference; lastKnownFileType = sourcecode.swift; path = View.swift; sourceTree = "<group>"; };
		E9A5395429F1720B001E3E39 /* Rasterizer.swift */ = {isa = PBXFileReference; lastKnownFileType = sourcecode.swift; path = Rasterizer.swift; sourceTree = "<group>"; };
/* End PBXFileReference section */

/* Begin PBXFrameworksBuildPhase section */
		E9A5391C29F16C51001E3E39 /* Frameworks */ = {
			isa = PBXFrameworksBuildPhase;
			buildActionMask = 2147483647;
			files = (
			);
			runOnlyForDeploymentPostprocessing = 0;
		};
		E9A5393029F16C52001E3E39 /* Frameworks */ = {
			isa = PBXFrameworksBuildPhase;
			buildActionMask = 2147483647;
			files = (
			);
			runOnlyForDeploymentPostprocessing = 0;
		};
		E9A5393A29F16C52001E3E39 /* Frameworks */ = {
			isa = PBXFrameworksBuildPhase;
			buildActionMask = 2147483647;
			files = (
			);
			runOnlyForDeploymentPostprocessing = 0;
		};
/* End PBXFrameworksBuildPhase section */

/* Begin PBXGroup section */
		E9A5391629F16C51001E3E39 = {
			isa = PBXGroup;
			children = (
				E9A5392129F16C51001E3E39 /* RasterizerSwift */,
				E9A5393629F16C52001E3E39 /* RasterizerSwiftTests */,
				E9A5394029F16C52001E3E39 /* RasterizerSwiftUITests */,
				E9A5392029F16C51001E3E39 /* Products */,
			);
			sourceTree = "<group>";
		};
		E9A5392029F16C51001E3E39 /* Products */ = {
			isa = PBXGroup;
			children = (
				E9A5391F29F16C51001E3E39 /* RasterizerSwift.app */,
				E9A5393329F16C52001E3E39 /* RasterizerSwiftTests.xctest */,
				E9A5393D29F16C52001E3E39 /* RasterizerSwiftUITests.xctest */,
			);
			name = Products;
			sourceTree = "<group>";
		};
		E9A5392129F16C51001E3E39 /* RasterizerSwift */ = {
			isa = PBXGroup;
			children = (
				E9A5392229F16C51001E3E39 /* AppDelegate.swift */,
				E9A5392429F16C51001E3E39 /* ViewController.swift */,
				E9A5392629F16C51001E3E39 /* Document.swift */,
				E9A5392829F16C52001E3E39 /* Assets.xcassets */,
				E9A5392A29F16C52001E3E39 /* Main.storyboard */,
				E9A5392D29F16C52001E3E39 /* Info.plist */,
				E9A5392E29F16C52001E3E39 /* RasterizerSwift.entitlements */,
				E9A5395229F16D8C001E3E39 /* View.swift */,
				E9A5395429F1720B001E3E39 /* Rasterizer.swift */,
			);
			path = RasterizerSwift;
			sourceTree = "<group>";
		};
		E9A5393629F16C52001E3E39 /* RasterizerSwiftTests */ = {
			isa = PBXGroup;
			children = (
				E9A5393729F16C52001E3E39 /* RasterizerSwiftTests.swift */,
			);
			path = RasterizerSwiftTests;
			sourceTree = "<group>";
		};
		E9A5394029F16C52001E3E39 /* RasterizerSwiftUITests */ = {
			isa = PBXGroup;
			children = (
				E9A5394129F16C52001E3E39 /* RasterizerSwiftUITests.swift */,
				E9A5394329F16C52001E3E39 /* RasterizerSwiftUITestsLaunchTests.swift */,
			);
			path = RasterizerSwiftUITests;
			sourceTree = "<group>";
		};
/* End PBXGroup section */

/* Begin PBXNativeTarget section */
		E9A5391E29F16C51001E3E39 /* RasterizerSwift */ = {
			isa = PBXNativeTarget;
			buildConfigurationList = E9A5394729F16C52001E3E39 /* Build configuration list for PBXNativeTarget "RasterizerSwift" */;
			buildPhases = (
				E9A5391B29F16C51001E3E39 /* Sources */,
				E9A5391C29F16C51001E3E39 /* Frameworks */,
				E9A5391D29F16C51001E3E39 /* Resources */,
			);
			buildRules = (
			);
			dependencies = (
			);
			name = RasterizerSwift;
			productName = RasterizerSwift;
			productReference = E9A5391F29F16C51001E3E39 /* RasterizerSwift.app */;
			productType = "com.apple.product-type.application";
		};
		E9A5393229F16C52001E3E39 /* RasterizerSwiftTests */ = {
			isa = PBXNativeTarget;
			buildConfigurationList = E9A5394A29F16C52001E3E39 /* Build configuration list for PBXNativeTarget "RasterizerSwiftTests" */;
			buildPhases = (
				E9A5392F29F16C52001E3E39 /* Sources */,
				E9A5393029F16C52001E3E39 /* Frameworks */,
				E9A5393129F16C52001E3E39 /* Resources */,
			);
			buildRules = (
			);
			dependencies = (
				E9A5393529F16C52001E3E39 /* PBXTargetDependency */,
			);
			name = RasterizerSwiftTests;
			productName = RasterizerSwiftTests;
			productReference = E9A5393329F16C52001E3E39 /* RasterizerSwiftTests.xctest */;
			productType = "com.apple.product-type.bundle.unit-test";
		};
		E9A5393C29F16C52001E3E39 /* RasterizerSwiftUITests */ = {
			isa = PBXNativeTarget;
			buildConfigurationList = E9A5394D29F16C52001E3E39 /* Build configuration list for PBXNativeTarget "RasterizerSwiftUITests" */;
			buildPhases = (
				E9A5393929F16C52001E3E39 /* Sources */,
				E9A5393A29F16C52001E3E39 /* Frameworks */,
				E9A5393B29F16C52001E3E39 /* Resources */,
			);
			buildRules = (
			);
			dependencies = (
				E9A5393F29F16C52001E3E39 /* PBXTargetDependency */,
			);
			name = RasterizerSwiftUITests;
			productName = RasterizerSwiftUITests;
			productReference = E9A5393D29F16C52001E3E39 /* RasterizerSwiftUITests.xctest */;
			productType = "com.apple.product-type.bundle.ui-testing";
		};
/* End PBXNativeTarget section */

/* Begin PBXProject section */
		E9A5391729F16C51001E3E39 /* Project object */ = {
			isa = PBXProject;
			attributes = {
				BuildIndependentTargetsInParallel = 1;
				LastSwiftUpdateCheck = 1430;
				LastUpgradeCheck = 1430;
				TargetAttributes = {
					E9A5391E29F16C51001E3E39 = {
						CreatedOnToolsVersion = 14.3;
					};
					E9A5393229F16C52001E3E39 = {
						CreatedOnToolsVersion = 14.3;
						TestTargetID = E9A5391E29F16C51001E3E39;
					};
					E9A5393C29F16C52001E3E39 = {
						CreatedOnToolsVersion = 14.3;
						TestTargetID = E9A5391E29F16C51001E3E39;
					};
				};
			};
			buildConfigurationList = E9A5391A29F16C51001E3E39 /* Build configuration list for PBXProject "RasterizerSwift" */;
			compatibilityVersion = "Xcode 14.0";
			developmentRegion = en;
			hasScannedForEncodings = 0;
			knownRegions = (
				en,
				Base,
			);
			mainGroup = E9A5391629F16C51001E3E39;
			productRefGroup = E9A5392029F16C51001E3E39 /* Products */;
			projectDirPath = "";
			projectRoot = "";
			targets = (
				E9A5391E29F16C51001E3E39 /* RasterizerSwift */,
				E9A5393229F16C52001E3E39 /* RasterizerSwiftTests */,
				E9A5393C29F16C52001E3E39 /* RasterizerSwiftUITests */,
			);
		};
/* End PBXProject section */

/* Begin PBXResourcesBuildPhase section */
		E9A5391D29F16C51001E3E39 /* Resources */ = {
			isa = PBXResourcesBuildPhase;
			buildActionMask = 2147483647;
			files = (
				E9A5392929F16C52001E3E39 /* Assets.xcassets in Resources */,
				E9A5392C29F16C52001E3E39 /* Main.storyboard in Resources */,
			);
			runOnlyForDeploymentPostprocessing = 0;
		};
		E9A5393129F16C52001E3E39 /* Resources */ = {
			isa = PBXResourcesBuildPhase;
			buildActionMask = 2147483647;
			files = (
			);
			runOnlyForDeploymentPostprocessing = 0;
		};
		E9A5393B29F16C52001E3E39 /* Resources */ = {
			isa = PBXResourcesBuildPhase;
			buildActionMask = 2147483647;
			files = (
			);
			runOnlyForDeploymentPostprocessing = 0;
		};
/* End PBXResourcesBuildPhase section */

/* Begin PBXSourcesBuildPhase section */
		E9A5391B29F16C51001E3E39 /* Sources */ = {
			isa = PBXSourcesBuildPhase;
			buildActionMask = 2147483647;
			files = (
				E9A5395329F16D8C001E3E39 /* View.swift in Sources */,
				E9A5392529F16C51001E3E39 /* ViewController.swift in Sources */,
				E9A5392329F16C51001E3E39 /* AppDelegate.swift in Sources */,
				E9A5395529F1720B001E3E39 /* Rasterizer.swift in Sources */,
				E9A5392729F16C51001E3E39 /* Document.swift in Sources */,
			);
			runOnlyForDeploymentPostprocessing = 0;
		};
		E9A5392F29F16C52001E3E39 /* Sources */ = {
			isa = PBXSourcesBuildPhase;
			buildActionMask = 2147483647;
			files = (
				E9A5393829F16C52001E3E39 /* RasterizerSwiftTests.swift in Sources */,
			);
			runOnlyForDeploymentPostprocessing = 0;
		};
		E9A5393929F16C52001E3E39 /* Sources */ = {
			isa = PBXSourcesBuildPhase;
			buildActionMask = 2147483647;
			files = (
				E9A5394229F16C52001E3E39 /* RasterizerSwiftUITests.swift in Sources */,
				E9A5394429F16C52001E3E39 /* RasterizerSwiftUITestsLaunchTests.swift in Sources */,
			);
			runOnlyForDeploymentPostprocessing = 0;
		};
/* End PBXSourcesBuildPhase section */

/* Begin PBXTargetDependency section */
		E9A5393529F16C52001E3E39 /* PBXTargetDependency */ = {
			isa = PBXTargetDependency;
			target = E9A5391E29F16C51001E3E39 /* RasterizerSwift */;
			targetProxy = E9A5393429F16C52001E3E39 /* PBXContainerItemProxy */;
		};
		E9A5393F29F16C52001E3E39 /* PBXTargetDependency */ = {
			isa = PBXTargetDependency;
			target = E9A5391E29F16C51001E3E39 /* RasterizerSwift */;
			targetProxy = E9A5393E29F16C52001E3E39 /* PBXContainerItemProxy */;
		};
/* End PBXTargetDependency section */

/* Begin PBXVariantGroup section */
		E9A5392A29F16C52001E3E39 /* Main.storyboard */ = {
			isa = PBXVariantGroup;
			children = (
				E9A5392B29F16C52001E3E39 /* Base */,
			);
			name = Main.storyboard;
			sourceTree = "<group>";
		};
/* End PBXVariantGroup section */

/* Begin XCBuildConfiguration section */
		E9A5394529F16C52001E3E39 /* Debug */ = {
			isa = XCBuildConfiguration;
			buildSettings = {
				ALWAYS_SEARCH_USER_PATHS = NO;
				CLANG_ANALYZER_NONNULL = YES;
				CLANG_ANALYZER_NUMBER_OBJECT_CONVERSION = YES_AGGRESSIVE;
				CLANG_CXX_LANGUAGE_STANDARD = "gnu++20";
				CLANG_ENABLE_MODULES = YES;
				CLANG_ENABLE_OBJC_ARC = YES;
				CLANG_ENABLE_OBJC_WEAK = YES;
				CLANG_WARN_BLOCK_CAPTURE_AUTORELEASING = YES;
				CLANG_WARN_BOOL_CONVERSION = YES;
				CLANG_WARN_COMMA = YES;
				CLANG_WARN_CONSTANT_CONVERSION = YES;
				CLANG_WARN_DEPRECATED_OBJC_IMPLEMENTATIONS = YES;
				CLANG_WARN_DIRECT_OBJC_ISA_USAGE = YES_ERROR;
				CLANG_WARN_DOCUMENTATION_COMMENTS = YES;
				CLANG_WARN_EMPTY_BODY = YES;
				CLANG_WARN_ENUM_CONVERSION = YES;
				CLANG_WARN_INFINITE_RECURSION = YES;
				CLANG_WARN_INT_CONVERSION = YES;
				CLANG_WARN_NON_LITERAL_NULL_CONVERSION = YES;
				CLANG_WARN_OBJC_IMPLICIT_RETAIN_SELF = YES;
				CLANG_WARN_OBJC_LITERAL_CONVERSION = YES;
				CLANG_WARN_OBJC_ROOT_CLASS = YES_ERROR;
				CLANG_WARN_QUOTED_INCLUDE_IN_FRAMEWORK_HEADER = YES;
				CLANG_WARN_RANGE_LOOP_ANALYSIS = YES;
				CLANG_WARN_STRICT_PROTOTYPES = YES;
				CLANG_WARN_SUSPICIOUS_MOVE = YES;
				CLANG_WARN_UNGUARDED_AVAILABILITY = YES_AGGRESSIVE;
				CLANG_WARN_UNREACHABLE_CODE = YES;
				CLANG_WARN__DUPLICATE_METHOD_MATCH = YES;
				COPY_PHASE_STRIP = NO;
				DEBUG_INFORMATION_FORMAT = dwarf;
				ENABLE_STRICT_OBJC_MSGSEND = YES;
				ENABLE_TESTABILITY = YES;
				GCC_C_LANGUAGE_STANDARD = gnu11;
				GCC_DYNAMIC_NO_PIC = NO;
				GCC_NO_COMMON_BLOCKS = YES;
				GCC_OPTIMIZATION_LEVEL = 0;
				GCC_PREPROCESSOR_DEFINITIONS = (
					"DEBUG=1",
					"$(inherited)",
				);
				GCC_WARN_64_TO_32_BIT_CONVERSION = YES;
				GCC_WARN_ABOUT_RETURN_TYPE = YES_ERROR;
				GCC_WARN_UNDECLARED_SELECTOR = YES;
				GCC_WARN_UNINITIALIZED_AUTOS = YES_AGGRESSIVE;
				GCC_WARN_UNUSED_FUNCTION = YES;
				GCC_WARN_UNUSED_VARIABLE = YES;
				MACOSX_DEPLOYMENT_TARGET = 13.3;
				MTL_ENABLE_DEBUG_INFO = INCLUDE_SOURCE;
				MTL_FAST_MATH = YES;
				ONLY_ACTIVE_ARCH = YES;
				SDKROOT = macosx;
				SWIFT_ACTIVE_COMPILATION_CONDITIONS = DEBUG;
				SWIFT_OPTIMIZATION_LEVEL = "-Onone";
			};
			name = Debug;
		};
		E9A5394629F16C52001E3E39 /* Release */ = {
			isa = XCBuildConfiguration;
			buildSettings = {
				ALWAYS_SEARCH_USER_PATHS = NO;
				CLANG_ANALYZER_NONNULL = YES;
				CLANG_ANALYZER_NUMBER_OBJECT_CONVERSION = YES_AGGRESSIVE;
				CLANG_CXX_LANGUAGE_STANDARD = "gnu++20";
				CLANG_ENABLE_MODULES = YES;
				CLANG_ENABLE_OBJC_ARC = YES;
				CLANG_ENABLE_OBJC_WEAK = YES;
				CLANG_WARN_BLOCK_CAPTURE_AUTORELEASING = YES;
				CLANG_WARN_BOOL_CONVERSION = YES;
				CLANG_WARN_COMMA = YES;
				CLANG_WARN_CONSTANT_CONVERSION = YES;
				CLANG_WARN_DEPRECATED_OBJC_IMPLEMENTATIONS = YES;
				CLANG_WARN_DIRECT_OBJC_ISA_USAGE = YES_ERROR;
				CLANG_WARN_DOCUMENTATION_COMMENTS = YES;
				CLANG_WARN_EMPTY_BODY = YES;
				CLANG_WARN_ENUM_CONVERSION = YES;
				CLANG_WARN_INFINITE_RECURSION = YES;
				CLANG_WARN_INT_CONVERSION = YES;
				CLANG_WARN_NON_LITERAL_NULL_CONVERSION = YES;
				CLANG_WARN_OBJC_IMPLICIT_RETAIN_SELF = YES;
				CLANG_WARN_OBJC_LITERAL_CONVERSION = YES;
				CLANG_WARN_OBJC_ROOT_CLASS = YES_ERROR;
				CLANG_WARN_QUOTED_INCLUDE_IN_FRAMEWORK_HEADER = YES;
				CLANG_WARN_RANGE_LOOP_ANALYSIS = YES;
				CLANG_WARN_STRICT_PROTOTYPES = YES;
				CLANG_WARN_SUSPICIOUS_MOVE = YES;
				CLANG_WARN_UNGUARDED_AVAILABILITY = YES_AGGRESSIVE;
				CLANG_WARN_UNREACHABLE_CODE = YES;
				CLANG_WARN__DUPLICATE_METHOD_MATCH = YES;
				COPY_PHASE_STRIP = NO;
				DEBUG_INFORMATION_FORMAT = "dwarf-with-dsym";
				ENABLE_NS_ASSERTIONS = NO;
				ENABLE_STRICT_OBJC_MSGSEND = YES;
				GCC_C_LANGUAGE_STANDARD = gnu11;
				GCC_NO_COMMON_BLOCKS = YES;
				GCC_WARN_64_TO_32_BIT_CONVERSION = YES;
				GCC_WARN_ABOUT_RETURN_TYPE = YES_ERROR;
				GCC_WARN_UNDECLARED_SELECTOR = YES;
				GCC_WARN_UNINITIALIZED_AUTOS = YES_AGGRESSIVE;
				GCC_WARN_UNUSED_FUNCTION = YES;
				GCC_WARN_UNUSED_VARIABLE = YES;
				MACOSX_DEPLOYMENT_TARGET = 13.3;
				MTL_ENABLE_DEBUG_INFO = NO;
				MTL_FAST_MATH = YES;
				SDKROOT = macosx;
				SWIFT_COMPILATION_MODE = wholemodule;
				SWIFT_OPTIMIZATION_LEVEL = "-O";
			};
			name = Release;
		};
		E9A5394829F16C52001E3E39 /* Debug */ = {
			isa = XCBuildConfiguration;
			buildSettings = {
				ASSETCATALOG_COMPILER_APPICON_NAME = AppIcon;
				ASSETCATALOG_COMPILER_GLOBAL_ACCENT_COLOR_NAME = AccentColor;
				CODE_SIGN_ENTITLEMENTS = RasterizerSwift/RasterizerSwift.entitlements;
				CODE_SIGN_STYLE = Automatic;
				COMBINE_HIDPI_IMAGES = YES;
				CURRENT_PROJECT_VERSION = 1;
				DEVELOPMENT_TEAM = WUZW9LMF53;
				ENABLE_HARDENED_RUNTIME = YES;
				GENERATE_INFOPLIST_FILE = YES;
				INFOPLIST_FILE = RasterizerSwift/Info.plist;
				INFOPLIST_KEY_NSHumanReadableCopyright = "";
				INFOPLIST_KEY_NSMainStoryboardFile = Main;
				INFOPLIST_KEY_NSPrincipalClass = NSApplication;
				LD_RUNPATH_SEARCH_PATHS = (
					"$(inherited)",
					"@executable_path/../Frameworks",
				);
				MARKETING_VERSION = 1.0;
				PRODUCT_BUNDLE_IDENTIFIER = uk.co.mindbrix.RasterizerSwift;
				PRODUCT_NAME = "$(TARGET_NAME)";
				SWIFT_EMIT_LOC_STRINGS = YES;
				SWIFT_VERSION = 5.0;
			};
			name = Debug;
		};
		E9A5394929F16C52001E3E39 /* Release */ = {
			isa = XCBuildConfiguration;
			buildSettings = {
				ASSETCATALOG_COMPILER_APPICON_NAME = AppIcon;
				ASSETCATALOG_COMPILER_GLOBAL_ACCENT_COLOR_NAME = AccentColor;
				CODE_SIGN_ENTITLEMENTS = RasterizerSwift/RasterizerSwift.entitlements;
				CODE_SIGN_STYLE = Automatic;
				COMBINE_HIDPI_IMAGES = YES;
				CURRENT_PROJECT_VERSION = 1;
				DEVELOPMENT_TEAM = WUZW9LMF53;
				ENABLE_HARDENED_RUNTIME = YES;
				GENERATE_INFOPLIST_FILE = YES;
				INFOPLIST_FILE = RasterizerSwift/Info.plist;
				INFOPLIST_KEY_NSHumanReadableCopyright = "";
				INFOPLIST_KEY_NSMainStoryboardFile = Main;
				INFOPLIST_KEY_NSPrincipalClass = NSApplication;
				LD_RUNPATH_SEARCH_PATHS = (
					"$(inherited)",
					"@executable_path/../Frameworks",
				);
				MARKETING_VERSION = 1.0;
				PRODUCT_BUNDLE_IDENTIFIER = uk.co.mindbrix.RasterizerSwift;
				PRODUCT_NAME = "$(TARGET_NAME)";
				SWIFT_EMIT_LOC_STRINGS = YES;
				SWIFT_VERSION = 5.0;
			};
			name = Release;
		};
		E9A5394B29F16C52001E3E39 /* Debug */ = {
			isa = XCBuildConfiguration;
			buildSettings = {
				ALWAYS_EMBED_SWIFT_STANDARD_LIBRARIES = YES;
				BUNDLE_LOADER = "$(TEST_HOST)";
				CODE_SIGN_STYLE = Automatic;
				CURRENT_PROJECT_VERSION = 1;
				DEVELOPMENT_TEAM = WUZW9LMF53;
				GENERATE_INFOPLIST_FILE = YES;
				MACOSX_DEPLOYMENT_TARGET = 13.3;
				MARKETING_VERSION = 1.0;
				PRODUCT_BUNDLE_IDENTIFIER = uk.co.mindbrix.RasterizerSwiftTests;
				PRODUCT_NAME = "$(TARGET_NAME)";
				SWIFT_EMIT_LOC_STRINGS = NO;
				SWIFT_VERSION = 5.0;
				TEST_HOST = "$(BUILT_PRODUCTS_DIR)/RasterizerSwift.app/$(BUNDLE_EXECUTABLE_FOLDER_PATH)/RasterizerSwift";
			};
			name = Debug;
		};
		E9A5394C29F16C52001E3E39 /* Release */ = {
			isa = XCBuildConfiguration;
			buildSettings = {
				ALWAYS_EMBED_SWIFT_STANDARD_LIBRARIES = YES;
				BUNDLE_LOADER = "$(TEST_HOST)";
				CODE_SIGN_STYLE = Automatic;
				CURRENT_PROJECT_VERSION = 1;
				DEVELOPMENT_TEAM = WUZW9LMF53;
				GENERATE_INFOPLIST_FILE = YES;
				MACOSX_DEPLOYMENT_TARGET = 13.3;
				MARKETING_VERSION = 1.0;
				PRODUCT_BUNDLE_IDENTIFIER = uk.co.mindbrix.RasterizerSwiftTests;
				PRODUCT_NAME = "$(TARGET_NAME)";
				SWIFT_EMIT_LOC_STRINGS = NO;
				SWIFT_VERSION = 5.0;
				TEST_HOST = "$(BUILT_PRODUCTS_DIR)/RasterizerSwift.app/$(BUNDLE_EXECUTABLE_FOLDER_PATH)/RasterizerSwift";
			};
			name = Release;
		};
		E9A5394E29F16C52001E3E39 /* Debug */ = {
			isa = XCBuildConfiguration;
			buildSettings = {
				ALWAYS_EMBED_SWIFT_STANDARD_LIBRARIES = YES;
				CODE_SIGN_STYLE = Automatic;
				CURRENT_PROJECT_VERSION = 1;
				DEVELOPMENT_TEAM = WUZW9LMF53;
				GENERATE_INFOPLIST_FILE = YES;
				MARKETING_VERSION = 1.0;
				PRODUCT_BUNDLE_IDENTIFIER = uk.co.mindbrix.RasterizerSwiftUITests;
				PRODUCT_NAME = "$(TARGET_NAME)";
				SWIFT_EMIT_LOC_STRINGS = NO;
				SWIFT_VERSION = 5.0;
				TEST_TARGET_NAME = RasterizerSwift;
			};
			name = Debug;
		};
		E9A5394F29F16C52001E3E39 /* Release */ = {
			isa = XCBuildConfiguration;
			buildSettings = {
				ALWAYS_EMBED_SWIFT_STANDARD_LIBRARIES = YES;
				CODE_SIGN_STYLE = Automatic;
				CURRENT_PROJECT_VERSION = 1;
				DEVELOPMENT_TEAM = WUZW9LMF53;
				GENERATE_INFOPLIST_FILE = YES;
				MARKETING_VERSION = 1.0;
				PRODUCT_BUNDLE_IDENTIFIER = uk.co.mindbrix.RasterizerSwiftUITests;
				PRODUCT_NAME = "$(TARGET_NAME)";
				SWIFT_EMIT_LOC_STRINGS = NO;
				SWIFT_VERSION = 5.0;
				TEST_TARGET_NAME = RasterizerSwift;
			};
			name = Release;
		};
/* End XCBuildConfiguration section */

/* Begin XCConfigurationList section */
		E9A5391A29F16C51001E3E39 /* Build configuration list for PBXProject "RasterizerSwift" */ = {
			isa = XCConfigurationList;
			buildConfigurations = (
				E9A5394529F16C52001E3E39 /* Debug */,
				E9A5394629F16C52001E3E39 /* Release */,
			);
			defaultConfigurationIsVisible = 0;
			defaultConfigurationName = Release;
		};
		E9A5394729F16C52001E3E39 /* Build configuration list for PBXNativeTarget "RasterizerSwift" */ = {
			isa = XCConfigurationList;
			buildConfigurations = (
				E9A5394829F16C52001E3E39 /* Debug */,
				E9A5394929F16C52001E3E39 /* Release */,
			);
			defaultConfigurationIsVisible = 0;
			defaultConfigurationName = Release;
		};
		E9A5394A29F16C52001E3E39 /* Build configuration list for PBXNativeTarget "RasterizerSwiftTests" */ = {
			isa = XCConfigurationList;
			buildConfigurations = (
				E9A5394B29F16C52001E3E39 /* Debug */,
				E9A5394C29F16C52001E3E39 /* Release */,
			);
			defaultConfigurationIsVisible = 0;
			defaultConfigurationName = Release;
		};
		E9A5394D29F16C52001E3E39 /* Build configuration list for PBXNativeTarget "RasterizerSwiftUITests" */ = {
			isa = XCConfigurationList;
			buildConfigurations = (
				E9A5394E29F16C52001E3E39 /* Debug */,
				E9A5394F29F16C52001E3E39 /* Release */,
			);
			defaultConfigurationIsVisible = 0;
			defaultConfigurationName = Release;
		};
/* End XCConfigurationList section */
	};
	rootObject = E9A5391729F16C51001E3E39 /* Project object */;
}
